
Microsoft Visual Studio Solution File, Format Version 12.00
# Visual Studio Version 17
VisualStudioVersion = 17.11.35327.3
MinimumVisualStudioVersion = 10.0.40219.1
Project("{9A19103F-16F7-4668-BE54-9A1E7A4F7556}") = "Point.Sample", "sample\Point.Sample\Point.Sample.csproj", "{59B3BD06-FF6C-4658-AC3E-C57936F8067F}"
EndProject
Project("{9A19103F-16F7-4668-BE54-9A1E7A4F7556}") = "Point", "src\Point\Point.csproj", "{521272FB-7ED1-4AA7-8B25-FEA16911167F}"
EndProject
Project("{9A19103F-16F7-4668-BE54-9A1E7A4F7556}") = "Point.Tests", "tests\Point.Tests\Point.Tests.csproj", "{C048D3BE-1635-4105-8614-4CFBE633DFAE}"
EndProject
Project("{FAE04EC0-301F-11D3-BF4B-00C04F79EFBC}") = "Point.Asp", "src\Point.Asp\Point.Asp.csproj", "{0686B64D-284E-4820-A389-99E3F7FF393F}"
EndProject
Global
	GlobalSection(SolutionConfigurationPlatforms) = preSolution
		Debug|Any CPU = Debug|Any CPU
		Release|Any CPU = Release|Any CPU
	EndGlobalSection
	GlobalSection(ProjectConfigurationPlatforms) = postSolution
		{59B3BD06-FF6C-4658-AC3E-C57936F8067F}.Debug|Any CPU.ActiveCfg = Debug|Any CPU
		{59B3BD06-FF6C-4658-AC3E-C57936F8067F}.Debug|Any CPU.Build.0 = Debug|Any CPU
		{59B3BD06-FF6C-4658-AC3E-C57936F8067F}.Release|Any CPU.ActiveCfg = Release|Any CPU
		{59B3BD06-FF6C-4658-AC3E-C57936F8067F}.Release|Any CPU.Build.0 = Release|Any CPU
		{521272FB-7ED1-4AA7-8B25-FEA16911167F}.Debug|Any CPU.ActiveCfg = Debug|Any CPU
		{521272FB-7ED1-4AA7-8B25-FEA16911167F}.Debug|Any CPU.Build.0 = Debug|Any CPU
		{521272FB-7ED1-4AA7-8B25-FEA16911167F}.Release|Any CPU.ActiveCfg = Release|Any CPU
		{521272FB-7ED1-4AA7-8B25-FEA16911167F}.Release|Any CPU.Build.0 = Release|Any CPU
		{C048D3BE-1635-4105-8614-4CFBE633DFAE}.Debug|Any CPU.ActiveCfg = Debug|Any CPU
		{C048D3BE-1635-4105-8614-4CFBE633DFAE}.Debug|Any CPU.Build.0 = Debug|Any CPU
		{C048D3BE-1635-4105-8614-4CFBE633DFAE}.Release|Any CPU.ActiveCfg = Release|Any CPU
		{C048D3BE-1635-4105-8614-4CFBE633DFAE}.Release|Any CPU.Build.0 = Release|Any CPU
		{0686B64D-284E-4820-A389-99E3F7FF393F}.Debug|Any CPU.ActiveCfg = Debug|Any CPU
		{0686B64D-284E-4820-A389-99E3F7FF393F}.Debug|Any CPU.Build.0 = Debug|Any CPU
		{0686B64D-284E-4820-A389-99E3F7FF393F}.Release|Any CPU.ActiveCfg = Release|Any CPU
		{0686B64D-284E-4820-A389-99E3F7FF393F}.Release|Any CPU.Build.0 = Release|Any CPU
	EndGlobalSection
	GlobalSection(SolutionProperties) = preSolution
		HideSolutionNode = FALSE
	EndGlobalSection
	GlobalSection(ExtensibilityGlobals) = postSolution
		SolutionGuid = {6EB4EC53-B685-4E37-AD82-BC7C20650DC6}
	EndGlobalSection
EndGlobal
